
Microsoft Visual Studio Solution File, Format Version 12.00
# Visual Studio 15
VisualStudioVersion = 15.0.26124.0
MinimumVisualStudioVersion = 15.0.26124.0
Project("{FAE04EC0-301F-11D3-BF4B-00C04F79EFBC}") = "WildProducts", "WildProducts\WildProducts.csproj", "{DBA2B5F1-2368-4401-B286-0F46372D64B1}"
EndProject
Project("{FAE04EC0-301F-11D3-BF4B-00C04F79EFBC}") = "WildProducts.Tests", "WildProducts.Tests\WildProducts.Tests.csproj", "{AC340A96-1532-473D-B050-8D7072CFAA58}"
EndProject
Global
	GlobalSection(SolutionConfigurationPlatforms) = preSolution
		Debug|Any CPU = Debug|Any CPU
		Debug|x64 = Debug|x64
		Debug|x86 = Debug|x86
		Release|Any CPU = Release|Any CPU
		Release|x64 = Release|x64
		Release|x86 = Release|x86
	EndGlobalSection
	GlobalSection(SolutionProperties) = preSolution
		HideSolutionNode = FALSE
	EndGlobalSection
	GlobalSection(ProjectConfigurationPlatforms) = postSolution
		{DBA2B5F1-2368-4401-B286-0F46372D64B1}.Debug|Any CPU.ActiveCfg = Debug|Any CPU
		{DBA2B5F1-2368-4401-B286-0F46372D64B1}.Debug|Any CPU.Build.0 = Debug|Any CPU
		{DBA2B5F1-2368-4401-B286-0F46372D64B1}.Debug|x64.ActiveCfg = Debug|Any CPU
		{DBA2B5F1-2368-4401-B286-0F46372D64B1}.Debug|x64.Build.0 = Debug|Any CPU
		{DBA2B5F1-2368-4401-B286-0F46372D64B1}.Debug|x86.ActiveCfg = Debug|Any CPU
		{DBA2B5F1-2368-4401-B286-0F46372D64B1}.Debug|x86.Build.0 = Debug|Any CPU
		{DBA2B5F1-2368-4401-B286-0F46372D64B1}.Release|Any CPU.ActiveCfg = Release|Any CPU
		{DBA2B5F1-2368-4401-B286-0F46372D64B1}.Release|Any CPU.Build.0 = Release|Any CPU
		{DBA2B5F1-2368-4401-B286-0F46372D64B1}.Release|x64.ActiveCfg = Release|Any CPU
		{DBA2B5F1-2368-4401-B286-0F46372D64B1}.Release|x64.Build.0 = Release|Any CPU
		{DBA2B5F1-2368-4401-B286-0F46372D64B1}.Release|x86.ActiveCfg = Release|Any CPU
		{DBA2B5F1-2368-4401-B286-0F46372D64B1}.Release|x86.Build.0 = Release|Any CPU
		{AC340A96-1532-473D-B050-8D7072CFAA58}.Debug|Any CPU.ActiveCfg = Debug|Any CPU
		{AC340A96-1532-473D-B050-8D7072CFAA58}.Debug|Any CPU.Build.0 = Debug|Any CPU
		{AC340A96-1532-473D-B050-8D7072CFAA58}.Debug|x64.ActiveCfg = Debug|Any CPU
		{AC340A96-1532-473D-B050-8D7072CFAA58}.Debug|x64.Build.0 = Debug|Any CPU
		{AC340A96-1532-473D-B050-8D7072CFAA58}.Debug|x86.ActiveCfg = Debug|Any CPU
		{AC340A96-1532-473D-B050-8D7072CFAA58}.Debug|x86.Build.0 = Debug|Any CPU
		{AC340A96-1532-473D-B050-8D7072CFAA58}.Release|Any CPU.ActiveCfg = Release|Any CPU
		{AC340A96-1532-473D-B050-8D7072CFAA58}.Release|Any CPU.Build.0 = Release|Any CPU
		{AC340A96-1532-473D-B050-8D7072CFAA58}.Release|x64.ActiveCfg = Release|Any CPU
		{AC340A96-1532-473D-B050-8D7072CFAA58}.Release|x64.Build.0 = Release|Any CPU
		{AC340A96-1532-473D-B050-8D7072CFAA58}.Release|x86.ActiveCfg = Release|Any CPU
		{AC340A96-1532-473D-B050-8D7072CFAA58}.Release|x86.Build.0 = Release|Any CPU
	EndGlobalSection
EndGlobal
